{
  "name": "upfault-counter-example",
  "version": "0.2.0",
  "lockfileVersion": 3,
  "requires": true,
  "packages": {
    "": {
      "name": "upfault-counter-example",
      "version": "0.2.0",
      "dependencies": {
        "@upfault/diff": "file:../../packages/diff",
        "@upfault/reactivity": "file:../../packages/reactivity",
        "@upfault/runtime": "file:../../packages/runtime",
        "@upfault/scheduler": "file:../../packages/scheduler",
        "@upfault/shared": "file:../../packages/shared",
        "@upfault/ssr": "file:../../packages/ssr"
      },
      "devDependencies": {
        "vite": "^5.0.0"
      }
    },
    "../../packages/diff": {
      "name": "@upfault/diff",
      "version": "0.2.0",
      "dependencies": {
        "@upfault/shared": "workspace:*"
      },
      "devDependencies": {
        "@upfault/predict-cache": "workspace:*",
        "esbuild": "^0.20.0",
        "typescript": "^5.4.0",
        "vitest": "^1.4.0"
      }
    },
    "../../packages/reactivity": {
