{
  "name": "upfault-counter-example",
  "version": "0.2.0",
  "lockfileVersion": 3,
  "requires": true,
  "packages": {
    "": {
      "name": "upfault-counter-example",
      "version": "0.2.0",
      "dependencies": {
        "@upfault/diff": "file:../../packages/diff",
        "@upfault/reactivity": "file:../../packages/reactivity",
        "@upfault/runtime": "file:../../packages/runtime",
        "@upfault/scheduler": "file:../../packages/scheduler",
        "@upfault/shared": "file:../../packages/shared",
        "@upfault/ssr": "file:../../packages/ssr"